
Microsoft Visual Studio Solution File, Format Version 12.00
Project("{FAE04EC0-301F-11D3-BF4B-00C04F79EFBC}") = "MyShop.UI.Shared", "UI\MyShop.UI.Shared\MyShop.UI.Shared.csproj", "{8EEE943A-984C-4316-9E00-6EE5380AAD86}"
EndProject
Project("{FAE04EC0-301F-11D3-BF4B-00C04F79EFBC}") = "MyShop.UI.Web", "UI\MyShop.UI.Web\MyShop.UI.Web.csproj", "{68FA4A6A-BE6C-4B07-9867-24B28E83B051}"
EndProject
Project("{FAE04EC0-301F-11D3-BF4B-00C04F79EFBC}") = "MyShop.UI.Mobile", "UI\MyShop.UI.Mobile\MyShop.UI.Mobile.csproj", "{1F45A3CC-3F05-4490-8519-6E589321E93E}"
EndProject
Project("{2150E333-8FDC-42A3-9474-1A3956D46DE8}") = "UI", "UI", "{1F42349F-8150-4001-83B4-CED6AB36847B}"
EndProject
Project("{2150E333-8FDC-42A3-9474-1A3956D46DE8}") = "API", "API", "{89E43D52-FD08-40BF-B3D8-941970316291}"
EndProject
Project("{2150E333-8FDC-42A3-9474-1A3956D46DE8}") = "Shared", "Shared", "{B946A4CB-3996-486D-9FB4-59B71F85C9AC}"
EndProject
Project("{FAE04EC0-301F-11D3-BF4B-00C04F79EFBC}") = "MyShop.Shared", "Shared\MyShop.Shared\MyShop.Shared.csproj", "{B6D13B46-CB80-48E5-8CFF-7D075B3DA276}"
EndProject
Project("{FAE04EC0-301F-11D3-BF4B-00C04F79EFBC}") = "MyShop.WebAPI", "API\MyShop.WebAPI\MyShop.WebAPI.csproj", "{6DFEC5C8-51A6-4E10-97BA-126DA07D35F7}"
EndProject
Project("{FAE04EC0-301F-11D3-BF4B-00C04F79EFBC}") = "MyShop.ApiClient", "UI\MyShop.ApiClient\MyShop.ApiClient.csproj", "{9A6CA6EF-F62B-4A68-9477-4719C214D4BF}"
EndProject
Global
	GlobalSection(SolutionConfigurationPlatforms) = preSolution
		Debug|Any CPU = Debug|Any CPU
		Release|Any CPU = Release|Any CPU
	EndGlobalSection
	GlobalSection(ProjectConfigurationPlatforms) = postSolution
		{8EEE943A-984C-4316-9E00-6EE5380AAD86}.Debug|Any CPU.ActiveCfg = Debug|Any CPU
		{8EEE943A-984C-4316-9E00-6EE5380AAD86}.Debug|Any CPU.Build.0 = Debug|Any CPU
		{8EEE943A-984C-4316-9E00-6EE5380AAD86}.Release|Any CPU.ActiveCfg = Release|Any CPU
		{8EEE943A-984C-4316-9E00-6EE5380AAD86}.Release|Any CPU.Build.0 = Release|Any CPU
		{68FA4A6A-BE6C-4B07-9867-24B28E83B051}.Debug|Any CPU.ActiveCfg = Debug|Any CPU
		{68FA4A6A-BE6C-4B07-9867-24B28E83B051}.Debug|Any CPU.Build.0 = Debug|Any CPU
		{68FA4A6A-BE6C-4B07-9867-24B28E83B051}.Release|Any CPU.ActiveCfg = Release|Any CPU
		{68FA4A6A-BE6C-4B07-9867-24B28E83B051}.Release|Any CPU.Build.0 = Release|Any CPU
		{1F45A3CC-3F05-4490-8519-6E589321E93E}.Debug|Any CPU.ActiveCfg = Debug|Any CPU
		{1F45A3CC-3F05-4490-8519-6E589321E93E}.Debug|Any CPU.Build.0 = Debug|Any CPU
		{1F45A3CC-3F05-4490-8519-6E589321E93E}.Release|Any CPU.ActiveCfg = Release|Any CPU
		{1F45A3CC-3F05-4490-8519-6E589321E93E}.Release|Any CPU.Build.0 = Release|Any CPU
		{B6D13B46-CB80-48E5-8CFF-7D075B3DA276}.Debug|Any CPU.ActiveCfg = Debug|Any CPU
		{B6D13B46-CB80-48E5-8CFF-7D075B3DA276}.Debug|Any CPU.Build.0 = Debug|Any CPU
		{B6D13B46-CB80-48E5-8CFF-7D075B3DA276}.Release|Any CPU.ActiveCfg = Release|Any CPU
		{B6D13B46-CB80-48E5-8CFF-7D075B3DA276}.Release|Any CPU.Build.0 = Release|Any CPU
		{6DFEC5C8-51A6-4E10-97BA-126DA07D35F7}.Debug|Any CPU.ActiveCfg = Debug|Any CPU
		{6DFEC5C8-51A6-4E10-97BA-126DA07D35F7}.Debug|Any CPU.Build.0 = Debug|Any CPU
		{6DFEC5C8-51A6-4E10-97BA-126DA07D35F7}.Release|Any CPU.ActiveCfg = Release|Any CPU
		{6DFEC5C8-51A6-4E10-97BA-126DA07D35F7}.Release|Any CPU.Build.0 = Release|Any CPU
		{9A6CA6EF-F62B-4A68-9477-4719C214D4BF}.Debug|Any CPU.ActiveCfg = Debug|Any CPU
		{9A6CA6EF-F62B-4A68-9477-4719C214D4BF}.Debug|Any CPU.Build.0 = Debug|Any CPU
		{9A6CA6EF-F62B-4A68-9477-4719C214D4BF}.Release|Any CPU.ActiveCfg = Release|Any CPU
		{9A6CA6EF-F62B-4A68-9477-4719C214D4BF}.Release|Any CPU.Build.0 = Release|Any CPU
	EndGlobalSection
	GlobalSection(NestedProjects) = preSolution
		{1F45A3CC-3F05-4490-8519-6E589321E93E} = {1F42349F-8150-4001-83B4-CED6AB36847B}
		{8EEE943A-984C-4316-9E00-6EE5380AAD86} = {1F42349F-8150-4001-83B4-CED6AB36847B}
		{68FA4A6A-BE6C-4B07-9867-24B28E83B051} = {1F42349F-8150-4001-83B4-CED6AB36847B}
		{B6D13B46-CB80-48E5-8CFF-7D075B3DA276} = {B946A4CB-3996-486D-9FB4-59B71F85C9AC}
		{6DFEC5C8-51A6-4E10-97BA-126DA07D35F7} = {89E43D52-FD08-40BF-B3D8-941970316291}
		{9A6CA6EF-F62B-4A68-9477-4719C214D4BF} = {1F42349F-8150-4001-83B4-CED6AB36847B}
	EndGlobalSection
EndGlobal
